// !$*UTF8*$!
{
	archiveVersion = 1;
	classes = {
	};
	objectVersion = 46;
	objects = {

/* Begin PBXBuildFile section */
		F8549B32199C155E002A4994 /* AppDelegate.swift in Sources */ = {isa = PBXBuildFile; fileRef = F8549B31199C155E002A4994 /* AppDelegate.swift */; };
		F8549B34199C155E002A4994 /* ViewController.swift in Sources */ = {isa = PBXBuildFile; fileRef = F8549B33199C155E002A4994 /* ViewController.swift */; };
		F8549B37199C155E002A4994 /* Main.storyboard in Resources */ = {isa = PBXBuildFile; fileRef = F8549B35199C155E002A4994 /* Main.storyboard */; };
		F8549B39199C155E002A4994 /* Images.xcassets in Resources */ = {isa = PBXBuildFile; fileRef = F8549B38199C155E002A4994 /* Images.xcassets */; };
		F8549B45199C155E002A4994 /* CoinPairsTests.swift in Sources */ = {isa = PBXBuildFile; fileRef = F8549B44199C155E002A4994 /* CoinPairsTests.swift */; };
		F8549B4F199C227B002A4994 /* CoinPairsModel.swift in Sources */ = {isa = PBXBuildFile; fileRef = F8549B4E199C227B002A4994 /* CoinPairsModel.swift */; };
/* End PBXBuildFile section */

/* Begin PBXContainerItemProxy section */
		F8549B3F199C155E002A4994 /* PBXContainerItemProxy */ = {
			isa = PBXContainerItemProxy;
			containerPortal = F8549B24199C155E002A4994 /* Project object */;
			proxyType = 1;
			remoteGlobalIDString = F8549B2B199C155E002A4994;
			remoteInfo = CoinPairs;
		};
/* End PBXContainerItemProxy section */

/* Begin PBXFileReference section */
		F8549B2C199C155E002A4994 /* CoinPairs.app */ = {isa = PBXFileReference; explicitFileType = wrapper.application; includeInIndex = 0; path = CoinPairs.app; sourceTree = BUILT_PRODUCTS_DIR; };
		F8549B30199C155E002A4994 /* Info.plist */ = {isa = PBXFileReference; lastKnownFileType = text.plist.xml; path = Info.plist; sourceTree = "<group>"; };
		F8549B31199C155E002A4994 /* AppDelegate.swift */ = {isa = PBXFileReference; lastKnownFileType = sourcecode.swift; path = AppDelegate.swift; sourceTree = "<group>"; };
		F8549B33199C155E002A4994 /* ViewController.swift */ = {isa = PBXFileReference; lastKnownFileType = sourcecode.swift; path = ViewController.swift; sourceTree = "<group>"; };
		F8549B36199C155E002A4994 /* Base */ = {isa = PBXFileReference; lastKnownFileType = file.storyboard; name = Base; path = Base.lproj/Main.storyboard; sourceTree = "<group>"; };
		F8549B38199C155E002A4994 /* Images.xcassets */ = {isa = PBXFileReference; lastKnownFileType = folder.assetcatalog; path = Images.xcassets; sourceTree = "<group>"; };
		F8549B3E199C155E002A4994 /* CoinPairsTests.xctest */ = {isa = PBXFileReference; explicitFileType = wrapper.cfbundle; includeInIndex = 0; path = CoinPairsTests.xctest; sourceTree = BUILT_PRODUCTS_DIR; };
		F8549B43199C155E002A4994 /* Info.plist */ = {isa = PBXFileReference; lastKnownFileType = text.plist.xml; path = Info.plist; sourceTree = "<group>"; };
		F8549B44199C155E002A4994 /* CoinPairsTests.swift */ = {isa = PBXFileReference; lastKnownFileType = sourcecode.swift; path = CoinPairsTests.swift; sourceTree = "<group>"; };
		F8549B4E199C227B002A4994 /* CoinPairsModel.swift */ = {isa = PBXFileReference; fileEncoding = 4; lastKnownFileType = sourcecode.swift; path = CoinPairsModel.swift; sourceTree = "<group>"; };
/* End PBXFileReference section */

/* Begin PBXFrameworksBuildPhase section */
		F8549B29199C155E002A4994 /* Frameworks */ = {
			isa = PBXFrameworksBuildPhase;
			buildActionMask = 2147483647;
			files = (
			);
			runOnlyForDeploymentPostprocessing = 0;
		};
		F8549B3B199C155E002A4994 /* Frameworks */ = {
			isa = PBXFrameworksBuildPhase;
			buildActionMask = 2147483647;
			files = (
			);
			runOnlyForDeploymentPostprocessing = 0;
		};
/* End PBXFrameworksBuildPhase section */

/* Begin PBXGroup section */
		F8549B23199C155E002A4994 = {
			isa = PBXGroup;
			children = (
				F8549B2E199C155E002A4994 /* CoinPairs */,
				F8549B41199C155E002A4994 /* CoinPairsTests */,
				F8549B2D199C155E002A4994 /* Products */,
			);
			sourceTree = "<group>";
		};
		F8549B2D199C155E002A4994 /* Products */ = {
			isa = PBXGroup;
			children = (
				F8549B2C199C155E002A4994 /* CoinPairs.app */,
				F8549B3E199C155E002A4994 /* CoinPairsTests.xctest */,
			);
			name = Products;
			sourceTree = "<group>";
		};
		F8549B2E199C155E002A4994 /* CoinPairs */ = {
			isa = PBXGroup;
			children = (
				F8549B31199C155E002A4994 /* AppDelegate.swift */,
				F8549B33199C155E002A4994 /* ViewController.swift */,
				F8549B4E199C227B002A4994 /* CoinPairsModel.swift */,
				F8549B35199C155E002A4994 /* Main.storyboard */,
				F8549B38199C155E002A4994 /* Images.xcassets */,
				F8549B2F199C155E002A4994 /* Supporting Files */,
			);
			path = CoinPairs;
			sourceTree = "<group>";
		};
		F8549B2F199C155E002A4994 /* Supporting Files */ = {
			isa = PBXGroup;
			children = (
				F8549B30199C155E002A4994 /* Info.plist */,
			);
			name = "Supporting Files";
			sourceTree = "<group>";
		};
		F8549B41199C155E002A4994 /* CoinPairsTests */ = {
			isa = PBXGroup;
			children = (
				F8549B44199C155E002A4994 /* CoinPairsTests.swift */,
				F8549B42199C155E002A4994 /* Supporting Files */,
			);
			path = CoinPairsTests;
			sourceTree = "<group>";
		};
		F8549B42199C155E002A4994 /* Supporting Files */ = {
			isa = PBXGroup;
			children = (
				F8549B43199C155E002A4994 /* Info.plist */,
			);
			name = "Supporting Files";
			sourceTree = "<group>";
		};
/* End PBXGroup section */

/* Begin PBXNativeTarget section */
		F8549B2B199C155E002A4994 /* CoinPairs */ = {
			isa = PBXNativeTarget;
			buildConfigurationList = F8549B48199C155E002A4994 /* Build configuration list for PBXNativeTarget "CoinPairs" */;
			buildPhases = (
				F8549B28199C155E002A4994 /* Sources */,
				F8549B29199C155E002A4994 /* Frameworks */,
				F8549B2A199C155E002A4994 /* Resources */,
			);
			buildRules = (
			);
			dependencies = (
			);
			name = CoinPairs;
			productName = CoinPairs;
			productReference = F8549B2C199C155E002A4994 /* CoinPairs.app */;
			productType = "com.apple.product-type.application";
		};
		F8549B3D199C155E002A4994 /* CoinPairsTests */ = {
			isa = PBXNativeTarget;
			buildConfigurationList = F8549B4B199C155E002A4994 /* Build configuration list for PBXNativeTarget "CoinPairsTests" */;
			buildPhases = (
				F8549B3A199C155E002A4994 /* Sources */,
				F8549B3B199C155E002A4994 /* Frameworks */,
				F8549B3C199C155E002A4994 /* Resources */,
			);
			buildRules = (
			);
			dependencies = (
				F8549B40199C155E002A4994 /* PBXTargetDependency */,
			);
			name = CoinPairsTests;
			productName = CoinPairsTests;
			productReference = F8549B3E199C155E002A4994 /* CoinPairsTests.xctest */;
			productType = "com.apple.product-type.bundle.unit-test";
		};
/* End PBXNativeTarget section */

/* Begin PBXProject section */
		F8549B24199C155E002A4994 /* Project object */ = {
			isa = PBXProject;
			attributes = {
				LastUpgradeCheck = 0600;
				ORGANIZATIONNAME = hydrajump;
				TargetAttributes = {
					F8549B2B199C155E002A4994 = {
						CreatedOnToolsVersion = 6.0;
					};
					F8549B3D199C155E002A4994 = {
						CreatedOnToolsVersion = 6.0;
						TestTargetID = F8549B2B199C155E002A4994;
					};
				};
			};
			buildConfigurationList = F8549B27199C155E002A4994 /* Build configuration list for PBXProject "CoinPairs" */;
			compatibilityVersion = "Xcode 3.2";
			developmentRegion = English;
			hasScannedForEncodings = 0;
			knownRegions = (
				en,
				Base,
			);
			mainGroup = F8549B23199C155E002A4994;
			productRefGroup = F8549B2D199C155E002A4994 /* Products */;
			projectDirPath = "";
			projectRoot = "";
			targets = (
				F8549B2B199C155E002A4994 /* CoinPairs */,
				F8549B3D199C155E002A4994 /* CoinPairsTests */,
			);
		};
/* End PBXProject section */

/* Begin PBXResourcesBuildPhase section */
		F8549B2A199C155E002A4994 /* Resources */ = {
			isa = PBXResourcesBuildPhase;
			buildActionMask = 2147483647;
			files = (
				F8549B37199C155E002A4994 /* Main.storyboard in Resources */,
				F8549B39199C155E002A4994 /* Images.xcassets in Resources */,
			);
			runOnlyForDeploymentPostprocessing = 0;
		};
		F8549B3C199C155E002A4994 /* Resources */ = {
			isa = PBXResourcesBuildPhase;
			buildActionMask = 2147483647;
			files = (
			);
			runOnlyForDeploymentPostprocessing = 0;
		};
/* End PBXResourcesBuildPhase section */

/* Begin PBXSourcesBuildPhase section */
		F8549B28199C155E002A4994 /* Sources */ = {
			isa = PBXSourcesBuildPhase;
			buildActionMask = 2147483647;
			files = (
				F8549B4F199C227B002A4994 /* CoinPairsModel.swift in Sources */,
				F8549B34199C155E002A4994 /* ViewController.swift in Sources */,
				F8549B32199C155E002A4994 /* AppDelegate.swift in Sources */,
			);
			runOnlyForDeploymentPostprocessing = 0;
		};
		F8549B3A199C155E002A4994 /* Sources */ = {
			isa = PBXSourcesBuildPhase;
			buildActionMask = 2147483647;
			files = (
				F8549B45199C155E002A4994 /* CoinPairsTests.swift in Sources */,
			);
			runOnlyForDeploymentPostprocessing = 0;
		};
/* End PBXSourcesBuildPhase section */

/* Begin PBXTargetDependency section */
		F8549B40199C155E002A4994 /* PBXTargetDependency */ = {
			isa = PBXTargetDependency;
			target = F8549B2B199C155E002A4994 /* CoinPairs */;
			targetProxy = F8549B3F199C155E002A4994 /* PBXContainerItemProxy */;
		};
/* End PBXTargetDependency section */

/* Begin PBXVariantGroup section */
		F8549B35199C155E002A4994 /* Main.storyboard */ = {
			isa = PBXVariantGroup;
			children = (
				F8549B36199C155E002A4994 /* Base */,
			);
			name = Main.storyboard;
			sourceTree = "<group>";
		};
/* End PBXVariantGroup section */

/* Begin XCBuildConfiguration section */
		F8549B46199C155E002A4994 /* Debug */ = {
			isa = XCBuildConfiguration;
			buildSettings = {
				ALWAYS_SEARCH_USER_PATHS = NO;
				CLANG_CXX_LANGUAGE_STANDARD = "gnu++0x";
				CLANG_CXX_LIBRARY = "libc++";
				CLANG_ENABLE_MODULES = YES;
				CLANG_ENABLE_OBJC_ARC = YES;
				CLANG_WARN_BOOL_CONVERSION = YES;
				CLANG_WARN_CONSTANT_CONVERSION = YES;
				CLANG_WARN_DIRECT_OBJC_ISA_USAGE = YES_ERROR;
				CLANG_WARN_EMPTY_BODY = YES;
				CLANG_WARN_ENUM_CONVERSION = YES;
				CLANG_WARN_INT_CONVERSION = YES;
				CLANG_WARN_OBJC_ROOT_CLASS = YES_ERROR;
				CLANG_WARN_UNREACHABLE_CODE = YES;
				CLANG_WARN__DUPLICATE_METHOD_MATCH = YES;
				"CODE_SIGN_IDENTITY[sdk=iphoneos*]" = "iPhone Developer";
				COPY_PHASE_STRIP = NO;
				ENABLE_STRICT_OBJC_MSGSEND = YES;
				GCC_C_LANGUAGE_STANDARD = gnu99;
				GCC_DYNAMIC_NO_PIC = NO;
				GCC_OPTIMIZATION_LEVEL = 0;
				GCC_PREPROCESSOR_DEFINITIONS = (
					"DEBUG=1",
					"$(inherited)",
				);
				GCC_SYMBOLS_PRIVATE_EXTERN = NO;
				GCC_WARN_64_TO_32_BIT_CONVERSION = YES;
				GCC_WARN_ABOUT_RETURN_TYPE = YES_ERROR;
				GCC_WARN_UNDECLARED_SELECTOR = YES;
				GCC_WARN_UNINITIALIZED_AUTOS = YES_AGGRESSIVE;
				GCC_WARN_UNUSED_FUNCTION = YES;
				GCC_WARN_UNUSED_VARIABLE = YES;
				IPHONEOS_DEPLOYMENT_TARGET = 8.0;
				MTL_ENABLE_DEBUG_INFO = YES;
				ONLY_ACTIVE_ARCH = YES;
				SDKROOT = iphoneos;
				SWIFT_OPTIMIZATION_LEVEL = "-Onone";
			};
			name = Debug;
		};
		F8549B47199C155E002A4994 /* Release */ = {
			isa = XCBuildConfiguration;
			buildSettings = {
				ALWAYS_SEARCH_USER_PATHS = NO;
				CLANG_CXX_LANGUAGE_STANDARD = "gnu++0x";
				CLANG_CXX_LIBRARY = "libc++";
				CLANG_ENABLE_MODULES = YES;
				CLANG_ENABLE_OBJC_ARC = YES;
				CLANG_WARN_BOOL_CONVERSION = YES;
				CLANG_WARN_CONSTANT_CONVERSION = YES;
				CLANG_WARN_DIRECT_OBJC_ISA_USAGE = YES_ERROR;
				CLANG_WARN_EMPTY_BODY = YES;
				CLANG_WARN_ENUM_CONVERSION = YES;
				CLANG_WARN_INT_CONVERSION = YES;
				CLANG_WARN_OBJC_ROOT_CLASS = YES_ERROR;
				CLANG_WARN_UNREACHABLE_CODE = YES;
				CLANG_WARN__DUPLICATE_METHOD_MATCH = YES;
				"CODE_SIGN_IDENTITY[sdk=iphoneos*]" = "iPhone Developer";
				COPY_PHASE_STRIP = YES;
				ENABLE_NS_ASSERTIONS = NO;
				ENABLE_STRICT_OBJC_MSGSEND = YES;
				GCC_C_LANGUAGE_STANDARD = gnu99;
				GCC_WARN_64_TO_32_BIT_CONVERSION = YES;
				GCC_WARN_ABOUT_RETURN_TYPE = YES_ERROR;
				GCC_WARN_UNDECLARED_SELECTOR = YES;
				GCC_WARN_UNINITIALIZED_AUTOS = YES_AGGRESSIVE;
				GCC_WARN_UNUSED_FUNCTION = YES;
				GCC_WARN_UNUSED_VARIABLE = YES;
				IPHONEOS_DEPLOYMENT_TARGET = 8.0;
				MTL_ENABLE_DEBUG_INFO = NO;
				SDKROOT = iphoneos;
				VALIDATE_PRODUCT = YES;
			};
			name = Release;
		};
		F8549B49199C155E002A4994 /* Debug */ = {
			isa = XCBuildConfiguration;
			buildSettings = {
				ASSETCATALOG_COMPILER_APPICON_NAME = AppIcon;
				ASSETCATALOG_COMPILER_LAUNCHIMAGE_NAME = LaunchImage;
				INFOPLIST_FILE = CoinPairs/Info.plist;
				IPHONEOS_DEPLOYMENT_TARGET = 7.1;
				LD_RUNPATH_SEARCH_PATHS = "$(inherited) @executable_path/Frameworks";
				PRODUCT_NAME = "$(TARGET_NAME)";
			};
			name = Debug;
		};
		F8549B4A199C155E002A4994 /* Release */ = {
			isa = XCBuildConfiguration;
			buildSettings = {
				ASSETCATALOG_COMPILER_APPICON_NAME = AppIcon;
				ASSETCATALOG_COMPILER_LAUNCHIMAGE_NAME = LaunchImage;
				INFOPLIST_FILE = CoinPairs/Info.plist;
				IPHONEOS_DEPLOYMENT_TARGET = 7.1;
				LD_RUNPATH_SEARCH_PATHS = "$(inherited) @executable_path/Frameworks";
				PRODUCT_NAME = "$(TARGET_NAME)";
			};
			name = Release;
		};
		F8549B4C199C155E002A4994 /* Debug */ = {
			isa = XCBuildConfiguration;
			buildSettings = {
				BUNDLE_LOADER = "$(TEST_HOST)";
				FRAMEWORK_SEARCH_PATHS = (
					"$(SDKROOT)/Developer/Library/Frameworks",
					"$(inherited)",
				);
				GCC_PREPROCESSOR_DEFINITIONS = (
					"DEBUG=1",
					"$(inherited)",
				);
				INFOPLIST_FILE = CoinPairsTests/Info.plist;
				LD_RUNPATH_SEARCH_PATHS = "$(inherited) @executable_path/Frameworks @loader_path/Frameworks";
				PRODUCT_NAME = "$(TARGET_NAME)";
				TEST_HOST = "$(BUILT_PRODUCTS_DIR)/CoinPairs.app/CoinPairs";
			};
			name = Debug;
		};
		F8549B4D199C155E002A4994 /* Release */ = {
			isa = XCBuildConfiguration;
			buildSettings = {
				BUNDLE_LOADER = "$(TEST_HOST)";
				FRAMEWORK_SEARCH_PATHS = (
					"$(SDKROOT)/Developer/Library/Frameworks",
					"$(inherited)",
				);
				INFOPLIST_FILE = CoinPairsTests/Info.plist;
				LD_RUNPATH_SEARCH_PATHS = "$(inherited) @executable_path/Frameworks @loader_path/Frameworks";
				PRODUCT_NAME = "$(TARGET_NAME)";
				TEST_HOST = "$(BUILT_PRODUCTS_DIR)/CoinPairs.app/CoinPairs";
			};
			name = Release;
		};
/* End XCBuildConfiguration section */

/* Begin XCConfigurationList section */
		F8549B27199C155E002A4994 /* Build configuration list for PBXProject "CoinPairs" */ = {
			isa = XCConfigurationList;
			buildConfigurations = (
				F8549B46199C155E002A4994 /* Debug */,
				F8549B47199C155E002A4994 /* Release */,
			);
			defaultConfigurationIsVisible = 0;
			defaultConfigurationName = Release;
		};
		F8549B48199C155E002A4994 /* Build configuration list for PBXNativeTarget "CoinPairs" */ = {
			isa = XCConfigurationList;
			buildConfigurations = (
				F8549B49199C155E002A4994 /* Debug */,
				F8549B4A199C155E002A4994 /* Release */,
			);
			defaultConfigurationIsVisible = 0;
		};
		F8549B4B199C155E002A4994 /* Build configuration list for PBXNativeTarget "CoinPairsTests" */ = {
			isa = XCConfigurationList;
			buildConfigurations = (
				F8549B4C199C155E002A4994 /* Debug */,
				F8549B4D199C155E002A4994 /* Release */,
			);
			defaultConfigurationIsVisible = 0;
		};
/* End XCConfigurationList section */
	};
	rootObject = F8549B24199C155E002A4994 /* Project object */;
}
